
Microsoft Visual Studio Solution File, Format Version 12.00
# Visual Studio Version 16
VisualStudioVersion = 16.0.31624.102
MinimumVisualStudioVersion = 10.0.40219.1
Project("{FAE04EC0-301F-11D3-BF4B-00C04F79EFBC}") = "A1.Android", "A1.Android\A1.Android.csproj", "{16CEF739-1551-4F82-907A-B3D5DEDEC0D4}"
EndProject
Project("{FAE04EC0-301F-11D3-BF4B-00C04F79EFBC}") = "A1.iOS", "A1.iOS\A1.iOS.csproj", "{18D8DDE8-ED0F-4122-B6A6-4A8CA93A98EB}"
EndProject
Project("{FAE04EC0-301F-11D3-BF4B-00C04F79EFBC}") = "A1", "A1\A1.csproj", "{7A9DFFE1-DBA0-4AE7-AC79-1BCD4F63642F}"
EndProject
Global
	GlobalSection(SolutionConfigurationPlatforms) = preSolution
		Debug|Any CPU = Debug|Any CPU
		Debug|iPhone = Debug|iPhone
		Debug|iPhoneSimulator = Debug|iPhoneSimulator
		Release|Any CPU = Release|Any CPU
		Release|iPhone = Release|iPhone
		Release|iPhoneSimulator = Release|iPhoneSimulator
	EndGlobalSection
	GlobalSection(ProjectConfigurationPlatforms) = postSolution
		{16CEF739-1551-4F82-907A-B3D5DEDEC0D4}.Debug|Any CPU.ActiveCfg = Debug|Any CPU
		{16CEF739-1551-4F82-907A-B3D5DEDEC0D4}.Debug|Any CPU.Build.0 = Debug|Any CPU
		{16CEF739-1551-4F82-907A-B3D5DEDEC0D4}.Debug|Any CPU.Deploy.0 = Debug|Any CPU
		{16CEF739-1551-4F82-907A-B3D5DEDEC0D4}.Debug|iPhone.ActiveCfg = Debug|Any CPU
		{16CEF739-1551-4F82-907A-B3D5DEDEC0D4}.Debug|iPhone.Build.0 = Debug|Any CPU
		{16CEF739-1551-4F82-907A-B3D5DEDEC0D4}.Debug|iPhone.Deploy.0 = Debug|Any CPU
		{16CEF739-1551-4F82-907A-B3D5DEDEC0D4}.Debug|iPhoneSimulator.ActiveCfg = Debug|Any CPU
		{16CEF739-1551-4F82-907A-B3D5DEDEC0D4}.Debug|iPhoneSimulator.Build.0 = Debug|Any CPU
		{16CEF739-1551-4F82-907A-B3D5DEDEC0D4}.Debug|iPhoneSimulator.Deploy.0 = Debug|Any CPU
		{16CEF739-1551-4F82-907A-B3D5DEDEC0D4}.Release|Any CPU.ActiveCfg = Release|Any CPU
		{16CEF739-1551-4F82-907A-B3D5DEDEC0D4}.Release|Any CPU.Build.0 = Release|Any CPU
		{16CEF739-1551-4F82-907A-B3D5DEDEC0D4}.Release|Any CPU.Deploy.0 = Release|Any CPU
		{16CEF739-1551-4F82-907A-B3D5DEDEC0D4}.Release|iPhone.ActiveCfg = Release|Any CPU
		{16CEF739-1551-4F82-907A-B3D5DEDEC0D4}.Release|iPhone.Build.0 = Release|Any CPU
		{16CEF739-1551-4F82-907A-B3D5DEDEC0D4}.Release|iPhone.Deploy.0 = Release|Any CPU
		{16CEF739-1551-4F82-907A-B3D5DEDEC0D4}.Release|iPhoneSimulator.ActiveCfg = Release|Any CPU
		{16CEF739-1551-4F82-907A-B3D5DEDEC0D4}.Release|iPhoneSimulator.Build.0 = Release|Any CPU
		{16CEF739-1551-4F82-907A-B3D5DEDEC0D4}.Release|iPhoneSimulator.Deploy.0 = Release|Any CPU
		{18D8DDE8-ED0F-4122-B6A6-4A8CA93A98EB}.Debug|Any CPU.ActiveCfg = Debug|iPhone
		{18D8DDE8-ED0F-4122-B6A6-4A8CA93A98EB}.Debug|Any CPU.Build.0 = Debug|iPhone
		{18D8DDE8-ED0F-4122-B6A6-4A8CA93A98EB}.Debug|Any CPU.Deploy.0 = Debug|iPhone
		{18D8DDE8-ED0F-4122-B6A6-4A8CA93A98EB}.Debug|iPhone.ActiveCfg = Debug|iPhone
		{18D8DDE8-ED0F-4122-B6A6-4A8CA93A98EB}.Debug|iPhone.Build.0 = Debug|iPhone
		{18D8DDE8-ED0F-4122-B6A6-4A8CA93A98EB}.Debug|iPhone.Deploy.0 = Debug|iPhone
		{18D8DDE8-ED0F-4122-B6A6-4A8CA93A98EB}.Debug|iPhoneSimulator.ActiveCfg = Debug|iPhoneSimulator
		{18D8DDE8-ED0F-4122-B6A6-4A8CA93A98EB}.Debug|iPhoneSimulator.Build.0 = Debug|iPhoneSimulator
		{18D8DDE8-ED0F-4122-B6A6-4A8CA93A98EB}.Debug|iPhoneSimulator.Deploy.0 = Debug|iPhoneSimulator
		{18D8DDE8-ED0F-4122-B6A6-4A8CA93A98EB}.Release|Any CPU.ActiveCfg = Release|iPhoneSimulator
		{18D8DDE8-ED0F-4122-B6A6-4A8CA93A98EB}.Release|Any CPU.Build.0 = Release|iPhoneSimulator
		{18D8DDE8-ED0F-4122-B6A6-4A8CA93A98EB}.Release|Any CPU.Deploy.0 = Release|iPhoneSimulator
		{18D8DDE8-ED0F-4122-B6A6-4A8CA93A98EB}.Release|iPhone.ActiveCfg = Release|iPhone
		{18D8DDE8-ED0F-4122-B6A6-4A8CA93A98EB}.Release|iPhone.Build.0 = Release|iPhone
		{18D8DDE8-ED0F-4122-B6A6-4A8CA93A98EB}.Release|iPhone.Deploy.0 = Release|iPhone
		{18D8DDE8-ED0F-4122-B6A6-4A8CA93A98EB}.Release|iPhoneSimulator.ActiveCfg = Release|iPhoneSimulator
		{18D8DDE8-ED0F-4122-B6A6-4A8CA93A98EB}.Release|iPhoneSimulator.Build.0 = Release|iPhoneSimulator
		{18D8DDE8-ED0F-4122-B6A6-4A8CA93A98EB}.Release|iPhoneSimulator.Deploy.0 = Release|iPhoneSimulator
		{7A9DFFE1-DBA0-4AE7-AC79-1BCD4F63642F}.Debug|Any CPU.ActiveCfg = Debug|Any CPU
		{7A9DFFE1-DBA0-4AE7-AC79-1BCD4F63642F}.Debug|Any CPU.Build.0 = Debug|Any CPU
		{7A9DFFE1-DBA0-4AE7-AC79-1BCD4F63642F}.Debug|Any CPU.Deploy.0 = Debug|Any CPU
		{7A9DFFE1-DBA0-4AE7-AC79-1BCD4F63642F}.Debug|iPhone.ActiveCfg = Debug|Any CPU
		{7A9DFFE1-DBA0-4AE7-AC79-1BCD4F63642F}.Debug|iPhone.Build.0 = Debug|Any CPU
		{7A9DFFE1-DBA0-4AE7-AC79-1BCD4F63642F}.Debug|iPhone.Deploy.0 = Debug|Any CPU
		{7A9DFFE1-DBA0-4AE7-AC79-1BCD4F63642F}.Debug|iPhoneSimulator.ActiveCfg = Debug|Any CPU
		{7A9DFFE1-DBA0-4AE7-AC79-1BCD4F63642F}.Debug|iPhoneSimulator.Build.0 = Debug|Any CPU
		{7A9DFFE1-DBA0-4AE7-AC79-1BCD4F63642F}.Debug|iPhoneSimulator.Deploy.0 = Debug|Any CPU
		{7A9DFFE1-DBA0-4AE7-AC79-1BCD4F63642F}.Release|Any CPU.ActiveCfg = Release|Any CPU
		{7A9DFFE1-DBA0-4AE7-AC79-1BCD4F63642F}.Release|Any CPU.Build.0 = Release|Any CPU
		{7A9DFFE1-DBA0-4AE7-AC79-1BCD4F63642F}.Release|Any CPU.Deploy.0 = Release|Any CPU
		{7A9DFFE1-DBA0-4AE7-AC79-1BCD4F63642F}.Release|iPhone.ActiveCfg = Release|Any CPU
		{7A9DFFE1-DBA0-4AE7-AC79-1BCD4F63642F}.Release|iPhone.Build.0 = Release|Any CPU
		{7A9DFFE1-DBA0-4AE7-AC79-1BCD4F63642F}.Release|iPhone.Deploy.0 = Release|Any CPU
		{7A9DFFE1-DBA0-4AE7-AC79-1BCD4F63642F}.Release|iPhoneSimulator.ActiveCfg = Release|Any CPU
		{7A9DFFE1-DBA0-4AE7-AC79-1BCD4F63642F}.Release|iPhoneSimulator.Build.0 = Release|Any CPU
		{7A9DFFE1-DBA0-4AE7-AC79-1BCD4F63642F}.Release|iPhoneSimulator.Deploy.0 = Release|Any CPU
	EndGlobalSection
	GlobalSection(SolutionProperties) = preSolution
		HideSolutionNode = FALSE
	EndGlobalSection
	GlobalSection(ExtensibilityGlobals) = postSolution
		SolutionGuid = {25D4F3C4-71BD-4025-A47C-3339D7D11CB6}
	EndGlobalSection
EndGlobal
